
Microsoft Visual Studio Solution File, Format Version 12.00
# Visual Studio 2013
VisualStudioVersion = 12.0.30723.0
MinimumVisualStudioVersion = 10.0.40219.1
Project("{2150E333-8FDC-42A3-9474-1A3956D46DE8}") = "Data", "Data", "{5E026469-0B2E-455A-B4EB-F6FA5E255C34}"
EndProject
Project("{2150E333-8FDC-42A3-9474-1A3956D46DE8}") = "Logic", "Logic", "{A487FC21-6F71-4395-924D-A2998F121CB3}"
EndProject
Project("{2150E333-8FDC-42A3-9474-1A3956D46DE8}") = "Web", "Web", "{D3B0CF2A-9858-42A1-93A8-959333B7FF9E}"
EndProject
Project("{2150E333-8FDC-42A3-9474-1A3956D46DE8}") = "Common", "Common", "{B17332CF-6438-4392-8393-D872F8B52AA3}"
EndProject
Project("{FAE04EC0-301F-11D3-BF4B-00C04F79EFBC}") = "PhotoDealer.Common", "Common\PhotoDealer.Common\PhotoDealer.Common.csproj", "{9660ED35-CD3A-4F03-98C5-315594734667}"
EndProject
Project("{FAE04EC0-301F-11D3-BF4B-00C04F79EFBC}") = "PhotoDealer.Data.Models", "Data\PhotoDealer.Data.Models\PhotoDealer.Data.Models.csproj", "{6359B2DD-4F52-4F3F-BF48-6354898EDDCF}"
EndProject
Project("{FAE04EC0-301F-11D3-BF4B-00C04F79EFBC}") = "PhotoDealer.Data", "Data\PhotoDealer.Data\PhotoDealer.Data.csproj", "{DFA2A8D4-0757-4352-8816-1198DB5599E1}"
EndProject
Project("{FAE04EC0-301F-11D3-BF4B-00C04F79EFBC}") = "PhotoDealer.Data.Common", "Data\PhotoDealer.Data.Common\PhotoDealer.Data.Common.csproj", "{15421F7F-31F5-4BE0-8DFF-71FE45567F06}"
EndProject
Project("{FAE04EC0-301F-11D3-BF4B-00C04F79EFBC}") = "PhotoDealer.Web", "Web\PhotoDealer.Web\PhotoDealer.Web.csproj", "{EA530DF7-7C3D-4FDF-86B7-96D3FCFE789C}"
EndProject
Global
	GlobalSection(SolutionConfigurationPlatforms) = preSolution
		Debug|Any CPU = Debug|Any CPU
		Release|Any CPU = Release|Any CPU
	EndGlobalSection
	GlobalSection(ProjectConfigurationPlatforms) = postSolution
		{9660ED35-CD3A-4F03-98C5-315594734667}.Debug|Any CPU.ActiveCfg = Debug|Any CPU
		{9660ED35-CD3A-4F03-98C5-315594734667}.Debug|Any CPU.Build.0 = Debug|Any CPU
		{9660ED35-CD3A-4F03-98C5-315594734667}.Release|Any CPU.ActiveCfg = Release|Any CPU
		{9660ED35-CD3A-4F03-98C5-315594734667}.Release|Any CPU.Build.0 = Release|Any CPU
		{6359B2DD-4F52-4F3F-BF48-6354898EDDCF}.Debug|Any CPU.ActiveCfg = Debug|Any CPU
		{6359B2DD-4F52-4F3F-BF48-6354898EDDCF}.Debug|Any CPU.Build.0 = Debug|Any CPU
		{6359B2DD-4F52-4F3F-BF48-6354898EDDCF}.Release|Any CPU.ActiveCfg = Release|Any CPU
		{6359B2DD-4F52-4F3F-BF48-6354898EDDCF}.Release|Any CPU.Build.0 = Release|Any CPU
		{DFA2A8D4-0757-4352-8816-1198DB5599E1}.Debug|Any CPU.ActiveCfg = Debug|Any CPU
		{DFA2A8D4-0757-4352-8816-1198DB5599E1}.Debug|Any CPU.Build.0 = Debug|Any CPU
		{DFA2A8D4-0757-4352-8816-1198DB5599E1}.Release|Any CPU.ActiveCfg = Release|Any CPU
		{DFA2A8D4-0757-4352-8816-1198DB5599E1}.Release|Any CPU.Build.0 = Release|Any CPU
		{15421F7F-31F5-4BE0-8DFF-71FE45567F06}.Debug|Any CPU.ActiveCfg = Debug|Any CPU
		{15421F7F-31F5-4BE0-8DFF-71FE45567F06}.Debug|Any CPU.Build.0 = Debug|Any CPU
		{15421F7F-31F5-4BE0-8DFF-71FE45567F06}.Release|Any CPU.ActiveCfg = Release|Any CPU
		{15421F7F-31F5-4BE0-8DFF-71FE45567F06}.Release|Any CPU.Build.0 = Release|Any CPU
		{EA530DF7-7C3D-4FDF-86B7-96D3FCFE789C}.Debug|Any CPU.ActiveCfg = Debug|Any CPU
		{EA530DF7-7C3D-4FDF-86B7-96D3FCFE789C}.Debug|Any CPU.Build.0 = Debug|Any CPU
		{EA530DF7-7C3D-4FDF-86B7-96D3FCFE789C}.Release|Any CPU.ActiveCfg = Release|Any CPU
		{EA530DF7-7C3D-4FDF-86B7-96D3FCFE789C}.Release|Any CPU.Build.0 = Release|Any CPU
	EndGlobalSection
	GlobalSection(SolutionProperties) = preSolution
		HideSolutionNode = FALSE
	EndGlobalSection
	GlobalSection(NestedProjects) = preSolution
		{9660ED35-CD3A-4F03-98C5-315594734667} = {B17332CF-6438-4392-8393-D872F8B52AA3}
		{6359B2DD-4F52-4F3F-BF48-6354898EDDCF} = {5E026469-0B2E-455A-B4EB-F6FA5E255C34}
		{DFA2A8D4-0757-4352-8816-1198DB5599E1} = {5E026469-0B2E-455A-B4EB-F6FA5E255C34}
		{15421F7F-31F5-4BE0-8DFF-71FE45567F06} = {5E026469-0B2E-455A-B4EB-F6FA5E255C34}
		{EA530DF7-7C3D-4FDF-86B7-96D3FCFE789C} = {D3B0CF2A-9858-42A1-93A8-959333B7FF9E}
	EndGlobalSection
EndGlobal
